
Microsoft Visual Studio Solution File, Format Version 12.00
# Visual Studio 15
VisualStudioVersion = 15.0.26014.0
MinimumVisualStudioVersion = 10.0.40219.1
Project("{FAE04EC0-301F-11D3-BF4B-00C04F79EFBC}") = "SpartaHack", "SpartaHack\SpartaHack.csproj", "{C49CDD52-3420-42CC-BBEA-AF304B64923F}"
EndProject
Project("{FAE04EC0-301F-11D3-BF4B-00C04F79EFBC}") = "SpartaHack.BLL", "SpartaHack.BLL\SpartaHack.BLL.csproj", "{9D5D75AE-68F0-4E6E-AD73-2104367EF47B}"
EndProject
Global
	GlobalSection(SolutionConfigurationPlatforms) = preSolution
		Debug|Any CPU = Debug|Any CPU
		Debug|ARM = Debug|ARM
		Debug|x64 = Debug|x64
		Debug|x86 = Debug|x86
		Release|Any CPU = Release|Any CPU
		Release|ARM = Release|ARM
		Release|x64 = Release|x64
		Release|x86 = Release|x86
	EndGlobalSection
	GlobalSection(ProjectConfigurationPlatforms) = postSolution
		{C49CDD52-3420-42CC-BBEA-AF304B64923F}.Debug|Any CPU.ActiveCfg = Debug|x86
		{C49CDD52-3420-42CC-BBEA-AF304B64923F}.Debug|ARM.ActiveCfg = Debug|ARM
		{C49CDD52-3420-42CC-BBEA-AF304B64923F}.Debug|ARM.Build.0 = Debug|ARM
		{C49CDD52-3420-42CC-BBEA-AF304B64923F}.Debug|ARM.Deploy.0 = Debug|ARM
		{C49CDD52-3420-42CC-BBEA-AF304B64923F}.Debug|x64.ActiveCfg = Debug|x64
		{C49CDD52-3420-42CC-BBEA-AF304B64923F}.Debug|x64.Build.0 = Debug|x64
		{C49CDD52-3420-42CC-BBEA-AF304B64923F}.Debug|x64.Deploy.0 = Debug|x64
		{C49CDD52-3420-42CC-BBEA-AF304B64923F}.Debug|x86.ActiveCfg = Debug|x86
		{C49CDD52-3420-42CC-BBEA-AF304B64923F}.Debug|x86.Build.0 = Debug|x86
		{C49CDD52-3420-42CC-BBEA-AF304B64923F}.Debug|x86.Deploy.0 = Debug|x86
		{C49CDD52-3420-42CC-BBEA-AF304B64923F}.Release|Any CPU.ActiveCfg = Release|x86
		{C49CDD52-3420-42CC-BBEA-AF304B64923F}.Release|ARM.ActiveCfg = Release|ARM
		{C49CDD52-3420-42CC-BBEA-AF304B64923F}.Release|ARM.Build.0 = Release|ARM
		{C49CDD52-3420-42CC-BBEA-AF304B64923F}.Release|ARM.Deploy.0 = Release|ARM
		{C49CDD52-3420-42CC-BBEA-AF304B64923F}.Release|x64.ActiveCfg = Release|x64
		{C49CDD52-3420-42CC-BBEA-AF304B64923F}.Release|x64.Build.0 = Release|x64
		{C49CDD52-3420-42CC-BBEA-AF304B64923F}.Release|x64.Deploy.0 = Release|x64
		{C49CDD52-3420-42CC-BBEA-AF304B64923F}.Release|x86.ActiveCfg = Release|x86
		{C49CDD52-3420-42CC-BBEA-AF304B64923F}.Release|x86.Build.0 = Release|x86
		{C49CDD52-3420-42CC-BBEA-AF304B64923F}.Release|x86.Deploy.0 = Release|x86
		{9D5D75AE-68F0-4E6E-AD73-2104367EF47B}.Debug|Any CPU.ActiveCfg = Debug|Any CPU
		{9D5D75AE-68F0-4E6E-AD73-2104367EF47B}.Debug|Any CPU.Build.0 = Debug|Any CPU
		{9D5D75AE-68F0-4E6E-AD73-2104367EF47B}.Debug|ARM.ActiveCfg = Debug|ARM
		{9D5D75AE-68F0-4E6E-AD73-2104367EF47B}.Debug|ARM.Build.0 = Debug|ARM
		{9D5D75AE-68F0-4E6E-AD73-2104367EF47B}.Debug|x64.ActiveCfg = Debug|x64
		{9D5D75AE-68F0-4E6E-AD73-2104367EF47B}.Debug|x64.Build.0 = Debug|x64
		{9D5D75AE-68F0-4E6E-AD73-2104367EF47B}.Debug|x86.ActiveCfg = Debug|x86
		{9D5D75AE-68F0-4E6E-AD73-2104367EF47B}.Debug|x86.Build.0 = Debug|x86
		{9D5D75AE-68F0-4E6E-AD73-2104367EF47B}.Release|Any CPU.ActiveCfg = Release|Any CPU
		{9D5D75AE-68F0-4E6E-AD73-2104367EF47B}.Release|Any CPU.Build.0 = Release|Any CPU
		{9D5D75AE-68F0-4E6E-AD73-2104367EF47B}.Release|ARM.ActiveCfg = Release|ARM
		{9D5D75AE-68F0-4E6E-AD73-2104367EF47B}.Release|ARM.Build.0 = Release|ARM
		{9D5D75AE-68F0-4E6E-AD73-2104367EF47B}.Release|x64.ActiveCfg = Release|x64
		{9D5D75AE-68F0-4E6E-AD73-2104367EF47B}.Release|x64.Build.0 = Release|x64
		{9D5D75AE-68F0-4E6E-AD73-2104367EF47B}.Release|x86.ActiveCfg = Release|x86
		{9D5D75AE-68F0-4E6E-AD73-2104367EF47B}.Release|x86.Build.0 = Release|x86
	EndGlobalSection
	GlobalSection(SolutionProperties) = preSolution
		HideSolutionNode = FALSE
	EndGlobalSection
EndGlobal
