
Microsoft Visual Studio Solution File, Format Version 12.00
# Visual Studio 14
VisualStudioVersion = 14.0.23107.0
MinimumVisualStudioVersion = 10.0.40219.1
Project("{FAE04EC0-301F-11D3-BF4B-00C04F79EFBC}") = "SpartaHack", "SpartaHack\SpartaHack.csproj", "{0D5A48D1-929A-4249-9856-E1DECB9E9E78}"
EndProject
Project("{FAE04EC0-301F-11D3-BF4B-00C04F79EFBC}") = "Parse", "Parse\Parse.csproj", "{DE07A443-9619-4BD7-B540-41296F8A2959}"
EndProject
Project("{FAE04EC0-301F-11D3-BF4B-00C04F79EFBC}") = "Parse.UWP", "Parse.UWP\Parse.UWP.csproj", "{F7C2BE8D-AC16-4786-A0C4-1945B1B61D08}"
EndProject
Global
	GlobalSection(SolutionConfigurationPlatforms) = preSolution
		Debug|Any CPU = Debug|Any CPU
		Debug|ARM = Debug|ARM
		Debug|x64 = Debug|x64
		Debug|x86 = Debug|x86
		Release|Any CPU = Release|Any CPU
		Release|ARM = Release|ARM
		Release|x64 = Release|x64
		Release|x86 = Release|x86
	EndGlobalSection
	GlobalSection(ProjectConfigurationPlatforms) = postSolution
		{0D5A48D1-929A-4249-9856-E1DECB9E9E78}.Debug|Any CPU.ActiveCfg = Debug|x86
		{0D5A48D1-929A-4249-9856-E1DECB9E9E78}.Debug|ARM.ActiveCfg = Debug|ARM
		{0D5A48D1-929A-4249-9856-E1DECB9E9E78}.Debug|ARM.Build.0 = Debug|ARM
		{0D5A48D1-929A-4249-9856-E1DECB9E9E78}.Debug|ARM.Deploy.0 = Debug|ARM
		{0D5A48D1-929A-4249-9856-E1DECB9E9E78}.Debug|x64.ActiveCfg = Debug|x64
		{0D5A48D1-929A-4249-9856-E1DECB9E9E78}.Debug|x64.Build.0 = Debug|x64
		{0D5A48D1-929A-4249-9856-E1DECB9E9E78}.Debug|x64.Deploy.0 = Debug|x64
		{0D5A48D1-929A-4249-9856-E1DECB9E9E78}.Debug|x86.ActiveCfg = Debug|x86
		{0D5A48D1-929A-4249-9856-E1DECB9E9E78}.Debug|x86.Build.0 = Debug|x86
		{0D5A48D1-929A-4249-9856-E1DECB9E9E78}.Debug|x86.Deploy.0 = Debug|x86
		{0D5A48D1-929A-4249-9856-E1DECB9E9E78}.Release|Any CPU.ActiveCfg = Release|x86
		{0D5A48D1-929A-4249-9856-E1DECB9E9E78}.Release|ARM.ActiveCfg = Release|ARM
		{0D5A48D1-929A-4249-9856-E1DECB9E9E78}.Release|ARM.Build.0 = Release|ARM
		{0D5A48D1-929A-4249-9856-E1DECB9E9E78}.Release|ARM.Deploy.0 = Release|ARM
		{0D5A48D1-929A-4249-9856-E1DECB9E9E78}.Release|x64.ActiveCfg = Release|x64
		{0D5A48D1-929A-4249-9856-E1DECB9E9E78}.Release|x64.Build.0 = Release|x64
		{0D5A48D1-929A-4249-9856-E1DECB9E9E78}.Release|x64.Deploy.0 = Release|x64
		{0D5A48D1-929A-4249-9856-E1DECB9E9E78}.Release|x86.ActiveCfg = Release|x86
		{0D5A48D1-929A-4249-9856-E1DECB9E9E78}.Release|x86.Build.0 = Release|x86
		{0D5A48D1-929A-4249-9856-E1DECB9E9E78}.Release|x86.Deploy.0 = Release|x86
		{DE07A443-9619-4BD7-B540-41296F8A2959}.Debug|Any CPU.ActiveCfg = Debug|Any CPU
		{DE07A443-9619-4BD7-B540-41296F8A2959}.Debug|Any CPU.Build.0 = Debug|Any CPU
		{DE07A443-9619-4BD7-B540-41296F8A2959}.Debug|ARM.ActiveCfg = Debug|Any CPU
		{DE07A443-9619-4BD7-B540-41296F8A2959}.Debug|ARM.Build.0 = Debug|Any CPU
		{DE07A443-9619-4BD7-B540-41296F8A2959}.Debug|x64.ActiveCfg = Debug|Any CPU
		{DE07A443-9619-4BD7-B540-41296F8A2959}.Debug|x64.Build.0 = Debug|Any CPU
		{DE07A443-9619-4BD7-B540-41296F8A2959}.Debug|x86.ActiveCfg = Debug|Any CPU
		{DE07A443-9619-4BD7-B540-41296F8A2959}.Debug|x86.Build.0 = Debug|Any CPU
		{DE07A443-9619-4BD7-B540-41296F8A2959}.Release|Any CPU.ActiveCfg = Release|Any CPU
		{DE07A443-9619-4BD7-B540-41296F8A2959}.Release|Any CPU.Build.0 = Release|Any CPU
		{DE07A443-9619-4BD7-B540-41296F8A2959}.Release|ARM.ActiveCfg = Release|Any CPU
		{DE07A443-9619-4BD7-B540-41296F8A2959}.Release|ARM.Build.0 = Release|Any CPU
		{DE07A443-9619-4BD7-B540-41296F8A2959}.Release|x64.ActiveCfg = Release|Any CPU
		{DE07A443-9619-4BD7-B540-41296F8A2959}.Release|x64.Build.0 = Release|Any CPU
		{DE07A443-9619-4BD7-B540-41296F8A2959}.Release|x86.ActiveCfg = Release|Any CPU
		{DE07A443-9619-4BD7-B540-41296F8A2959}.Release|x86.Build.0 = Release|Any CPU
		{F7C2BE8D-AC16-4786-A0C4-1945B1B61D08}.Debug|Any CPU.ActiveCfg = Debug|Any CPU
		{F7C2BE8D-AC16-4786-A0C4-1945B1B61D08}.Debug|Any CPU.Build.0 = Debug|Any CPU
		{F7C2BE8D-AC16-4786-A0C4-1945B1B61D08}.Debug|ARM.ActiveCfg = Debug|ARM
		{F7C2BE8D-AC16-4786-A0C4-1945B1B61D08}.Debug|ARM.Build.0 = Debug|ARM
		{F7C2BE8D-AC16-4786-A0C4-1945B1B61D08}.Debug|x64.ActiveCfg = Debug|x64
		{F7C2BE8D-AC16-4786-A0C4-1945B1B61D08}.Debug|x64.Build.0 = Debug|x64
		{F7C2BE8D-AC16-4786-A0C4-1945B1B61D08}.Debug|x86.ActiveCfg = Debug|x86
		{F7C2BE8D-AC16-4786-A0C4-1945B1B61D08}.Debug|x86.Build.0 = Debug|x86
		{F7C2BE8D-AC16-4786-A0C4-1945B1B61D08}.Release|Any CPU.ActiveCfg = Release|Any CPU
		{F7C2BE8D-AC16-4786-A0C4-1945B1B61D08}.Release|Any CPU.Build.0 = Release|Any CPU
		{F7C2BE8D-AC16-4786-A0C4-1945B1B61D08}.Release|ARM.ActiveCfg = Release|ARM
		{F7C2BE8D-AC16-4786-A0C4-1945B1B61D08}.Release|ARM.Build.0 = Release|ARM
		{F7C2BE8D-AC16-4786-A0C4-1945B1B61D08}.Release|x64.ActiveCfg = Release|x64
		{F7C2BE8D-AC16-4786-A0C4-1945B1B61D08}.Release|x64.Build.0 = Release|x64
		{F7C2BE8D-AC16-4786-A0C4-1945B1B61D08}.Release|x86.ActiveCfg = Release|x86
		{F7C2BE8D-AC16-4786-A0C4-1945B1B61D08}.Release|x86.Build.0 = Release|x86
	EndGlobalSection
	GlobalSection(SolutionProperties) = preSolution
		HideSolutionNode = FALSE
	EndGlobalSection
EndGlobal
